
Microsoft Visual Studio Solution File, Format Version 12.00
# Visual Studio 15
VisualStudioVersion = 15.0.28010.2003
MinimumVisualStudioVersion = 10.0.40219.1
Project("{FAE04EC0-301F-11D3-BF4B-00C04F79EFBC}") = "Innovile_ElasticSearchAggregation", "Innovile_ElasticSearchAggregation\Innovile_ElasticSearchAggregation.csproj", "{F7DC7F09-D669-4982-93CD-2F92093F531F}"
EndProject
Global
	GlobalSection(SolutionConfigurationPlatforms) = preSolution
		Debug|Any CPU = Debug|Any CPU
		Release|Any CPU = Release|Any CPU
	EndGlobalSection
	GlobalSection(ProjectConfigurationPlatforms) = postSolution
		{F7DC7F09-D669-4982-93CD-2F92093F531F}.Debug|Any CPU.ActiveCfg = Debug|Any CPU
		{F7DC7F09-D669-4982-93CD-2F92093F531F}.Debug|Any CPU.Build.0 = Debug|Any CPU
		{F7DC7F09-D669-4982-93CD-2F92093F531F}.Release|Any CPU.ActiveCfg = Release|Any CPU
		{F7DC7F09-D669-4982-93CD-2F92093F531F}.Release|Any CPU.Build.0 = Release|Any CPU
	EndGlobalSection
	GlobalSection(SolutionProperties) = preSolution
		HideSolutionNode = FALSE
	EndGlobalSection
	GlobalSection(ExtensibilityGlobals) = postSolution
		SolutionGuid = {446BA270-CA16-40CC-A013-1A688FFFBFE2}
	EndGlobalSection
EndGlobal
